
Microsoft Visual Studio Solution File, Format Version 12.00
# Visual Studio 2017
Project("{FAE04EC0-301F-11D3-BF4B-00C04F79EFBC}") = "Max's 2nd Project", "Max's 2nd Project.csproj", "{E288EF46-6C5A-C0FA-8CB4-1355F5948FFE}"
EndProject
Project("{FAE04EC0-301F-11D3-BF4B-00C04F79EFBC}") = "Max's 2nd Project.Editor", "Max's 2nd Project.Editor.csproj", "{7A655C29-93E4-7ACF-CCA3-102CB6B98FDA}"
EndProject
Global
	GlobalSection(SolutionConfigurationPlatforms) = preSolution
		Debug|Any CPU = Debug|Any CPU
		Release|Any CPU = Release|Any CPU
	EndGlobalSection
	GlobalSection(ProjectConfigurationPlatforms) = postSolution
		{E288EF46-6C5A-C0FA-8CB4-1355F5948FFE}.Debug|Any CPU.ActiveCfg = Debug|Any CPU
		{E288EF46-6C5A-C0FA-8CB4-1355F5948FFE}.Debug|Any CPU.Build.0 = Debug|Any CPU
		{E288EF46-6C5A-C0FA-8CB4-1355F5948FFE}.Release|Any CPU.ActiveCfg = Release|Any CPU
		{E288EF46-6C5A-C0FA-8CB4-1355F5948FFE}.Release|Any CPU.Build.0 = Release|Any CPU
		{7A655C29-93E4-7ACF-CCA3-102CB6B98FDA}.Debug|Any CPU.ActiveCfg = Debug|Any CPU
		{7A655C29-93E4-7ACF-CCA3-102CB6B98FDA}.Debug|Any CPU.Build.0 = Debug|Any CPU
		{7A655C29-93E4-7ACF-CCA3-102CB6B98FDA}.Release|Any CPU.ActiveCfg = Release|Any CPU
		{7A655C29-93E4-7ACF-CCA3-102CB6B98FDA}.Release|Any CPU.Build.0 = Release|Any CPU
	EndGlobalSection
	GlobalSection(SolutionProperties) = preSolution
		HideSolutionNode = FALSE
	EndGlobalSection
EndGlobal
